
Microsoft Visual Studio Solution File, Format Version 12.00
Project("{FAE04EC0-301F-11D3-BF4B-00C04F79EFBC}") = "asyncpr", "asyncpr\asyncpr.csproj", "{0645651D-47EA-4609-9D19-ECBE708F9730}"
EndProject
Global
	GlobalSection(SolutionConfigurationPlatforms) = preSolution
		Debug|Any CPU = Debug|Any CPU
		Release|Any CPU = Release|Any CPU
	EndGlobalSection
	GlobalSection(ProjectConfigurationPlatforms) = postSolution
		{0645651D-47EA-4609-9D19-ECBE708F9730}.Debug|Any CPU.ActiveCfg = Debug|Any CPU
		{0645651D-47EA-4609-9D19-ECBE708F9730}.Debug|Any CPU.Build.0 = Debug|Any CPU
		{0645651D-47EA-4609-9D19-ECBE708F9730}.Release|Any CPU.ActiveCfg = Release|Any CPU
		{0645651D-47EA-4609-9D19-ECBE708F9730}.Release|Any CPU.Build.0 = Release|Any CPU
	EndGlobalSection
EndGlobal
