
Microsoft Visual Studio Solution File, Format Version 12.00
Project("{FAE04EC0-301F-11D3-BF4B-00C04F79EFBC}") = "PretparkMain", "PretparkMain\PretparkMain.csproj", "{91AB3016-E4A0-4752-B941-52463E629847}"
EndProject
Project("{FAE04EC0-301F-11D3-BF4B-00C04F79EFBC}") = "PretparkTest", "PretparkTest\PretparkTest.csproj", "{6B6BDD70-729D-4916-A4F7-A2362FE06AE2}"
EndProject
Global
	GlobalSection(SolutionConfigurationPlatforms) = preSolution
		Debug|Any CPU = Debug|Any CPU
		Release|Any CPU = Release|Any CPU
	EndGlobalSection
	GlobalSection(ProjectConfigurationPlatforms) = postSolution
		{91AB3016-E4A0-4752-B941-52463E629847}.Debug|Any CPU.ActiveCfg = Debug|Any CPU
		{91AB3016-E4A0-4752-B941-52463E629847}.Debug|Any CPU.Build.0 = Debug|Any CPU
		{91AB3016-E4A0-4752-B941-52463E629847}.Release|Any CPU.ActiveCfg = Release|Any CPU
		{91AB3016-E4A0-4752-B941-52463E629847}.Release|Any CPU.Build.0 = Release|Any CPU
		{6B6BDD70-729D-4916-A4F7-A2362FE06AE2}.Debug|Any CPU.ActiveCfg = Debug|Any CPU
		{6B6BDD70-729D-4916-A4F7-A2362FE06AE2}.Debug|Any CPU.Build.0 = Debug|Any CPU
		{6B6BDD70-729D-4916-A4F7-A2362FE06AE2}.Release|Any CPU.ActiveCfg = Release|Any CPU
		{6B6BDD70-729D-4916-A4F7-A2362FE06AE2}.Release|Any CPU.Build.0 = Release|Any CPU
	EndGlobalSection
EndGlobal
